# THIS IS AN AUTOGENERATED FILE. DO NOT EDIT THIS FILE DIRECTLY.
# yarn lockfile v1


"@babel/helper-validator-identifier@^7.12.11":
  version "7.12.11"
  resolved "https://registry.npm.taobao.org/@babel/helper-validator-identifier/download/@babel/helper-validator-identifier-7.12.11.tgz#c9a1f021917dcb5ccf0d4e453e399022981fc9ed"
  integrity sha1-yaHwIZF9y1zPDU5FPjmQIpgfye0=

"@babel/parser@^7.12.0":
  version "7.12.11"
  resolved "https://registry.npm.taobao.org/@babel/parser/download/@babel/parser-7.12.11.tgz?cache=0&sync_timestamp=1608076801657&other_urls=https%3A%2F%2Fregistry.npm.taobao.org%2F%40babel%2Fparser%2Fdownload%2F%40babel%2Fparser-7.12.11.tgz#9ce3595bcd74bc5c466905e86c535b8b25011e79"
  integrity sha1-nONZW810vFxGaQXobFNbiyUBHnk=

"@babel/types@^7.12.0":
  version "7.12.12"
  resolved "https://registry.npm.taobao.org/@babel/types/download/@babel/types-7.12.12.tgz?cache=0&sync_timestamp=1608732917055&other_urls=https%3A%2F%2Fregistry.npm.taobao.org%2F%40babel%2Ftypes%2Fdownload%2F%40babel%2Ftypes-7.12.12.tgz#4608a6ec313abbd87afa55004d373ad04a96c299"
  integrity sha1-Rgim7DE6u9h6+lUATTc60EqWwpk=
  dependencies:
    "@babel/helper-validator-identifier" "^7.12.11"
    lodash "^4.17.19"
    to-fast-properties "^2.0.0"

"@types/lodash-es@^4.17.4":
  version "4.17.4"
  resolved "https://registry.npm.taobao.org/@types/lodash-es/download/@types/lodash-es-4.17.4.tgz#b2e440d2bf8a93584a9fd798452ec497986c9b97"
  integrity sha1-suRA0r+Kk1hKn9eYRS7El5hsm5c=
  dependencies:
    "@types/lodash" "*"

"@types/lodash@*":
  version "4.14.168"
  resolved "https://registry.npm.taobao.org/@types/lodash/download/@types/lodash-4.14.168.tgz?cache=0&sync_timestamp=1610980821904&other_urls=https%3A%2F%2Fregistry.npm.taobao.org%2F%40types%2Flodash%2Fdownload%2F%40types%2Flodash-4.14.168.tgz#fe24632e79b7ade3f132891afff86caa5e5ce008"
  integrity sha1-/iRjLnm3rePxMoka//hsql5c4Ag=

"@types/node@^14.14.37":
  version "14.14.37"
  resolved "https://registry.npm.taobao.org/@types/node/download/@types/node-14.14.37.tgz?cache=0&sync_timestamp=1616803552865&other_urls=https%3A%2F%2Fregistry.npm.taobao.org%2F%40types%2Fnode%2Fdownload%2F%40types%2Fnode-14.14.37.tgz#a3dd8da4eb84a996c36e331df98d82abd76b516e"
  integrity sha1-o92NpOuEqZbDbjMd+Y2Cq9drUW4=

"@vue/compiler-core@3.0.9":
  version "3.0.9"
  resolved "https://registry.npm.taobao.org/@vue/compiler-core/download/@vue/compiler-core-3.0.9.tgz?cache=0&sync_timestamp=1616859172087&other_urls=https%3A%2F%2Fregistry.npm.taobao.org%2F%40vue%2Fcompiler-core%2Fdownload%2F%40vue%2Fcompiler-core-3.0.9.tgz#ec7efa676889aee006fc43739ee4a67a952ac623"
  integrity sha1-7H76Z2iJruAG/ENznuSmepUqxiM=
  dependencies:
    "@babel/parser" "^7.12.0"
    "@babel/types" "^7.12.0"
    "@vue/shared" "3.0.9"
    estree-walker "^2.0.1"
    source-map "^0.6.1"

"@vue/compiler-dom@3.0.9":
  version "3.0.9"
  resolved "https://registry.npm.taobao.org/@vue/compiler-dom/download/@vue/compiler-dom-3.0.9.tgz?cache=0&sync_timestamp=1616859173423&other_urls=https%3A%2F%2Fregistry.npm.taobao.org%2F%40vue%2Fcompiler-dom%2Fdownload%2F%40vue%2Fcompiler-dom-3.0.9.tgz#1fd554097d9ab36eca73bc6d0d9607fecf94e71c"
  integrity sha1-H9VUCX2as27Kc7xtDZYH/s+U5xw=
  dependencies:
    "@vue/compiler-core" "3.0.9"
    "@vue/shared" "3.0.9"

"@vue/reactivity@3.0.9":
  version "3.0.9"
  resolved "https://registry.npm.taobao.org/@vue/reactivity/download/@vue/reactivity-3.0.9.tgz#875f241b8c10262560b190ccdeff2d0ab7053e11"
  integrity sha1-h18kG4wQJiVgsZDM3v8tCrcFPhE=
  dependencies:
    "@vue/shared" "3.0.9"

"@vue/runtime-core@3.0.9":
  version "3.0.9"
  resolved "https://registry.npm.taobao.org/@vue/runtime-core/download/@vue/runtime-core-3.0.9.tgz#9665f149468355a524a304cb8f260147a4d294e6"
  integrity sha1-lmXxSUaDVaUkowTLjyYBR6TSlOY=
  dependencies:
    "@vue/reactivity" "3.0.9"
    "@vue/shared" "3.0.9"

"@vue/runtime-dom@3.0.9":
  version "3.0.9"
  resolved "https://registry.npm.taobao.org/@vue/runtime-dom/download/@vue/runtime-dom-3.0.9.tgz?cache=0&sync_timestamp=1616859175039&other_urls=https%3A%2F%2Fregistry.npm.taobao.org%2F%40vue%2Fruntime-dom%2Fdownload%2F%40vue%2Fruntime-dom-3.0.9.tgz#16a1d001dc746a9f346ee7fb9de90d52ad097b61"
  integrity sha1-FqHQAdx0ap80buf7nekNUq0Je2E=
  dependencies:
    "@vue/runtime-core" "3.0.9"
    "@vue/shared" "3.0.9"
    csstype "^2.6.8"

"@vue/shared@3.0.9":
  version "3.0.9"
  resolved "https://registry.npm.taobao.org/@vue/shared/download/@vue/shared-3.0.9.tgz?cache=0&sync_timestamp=1616859176431&other_urls=https%3A%2F%2Fregistry.npm.taobao.org%2F%40vue%2Fshared%2Fdownload%2F%40vue%2Fshared-3.0.9.tgz#09882d745ded52b07e4481d036659d733edd2a9a"
  integrity sha1-CYgtdF3tUrB+RIHQNmWdcz7dKpo=

csstype@^2.6.8:
  version "2.6.14"
  resolved "https://registry.npm.taobao.org/csstype/download/csstype-2.6.14.tgz?cache=0&sync_timestamp=1610107151406&other_urls=https%3A%2F%2Fregistry.npm.taobao.org%2Fcsstype%2Fdownload%2Fcsstype-2.6.14.tgz#004822a4050345b55ad4dcc00be1d9cf2f4296de"
  integrity sha1-AEgipAUDRbVa1NzAC+HZzy9Clt4=

estree-walker@^2.0.1:
  version "2.0.2"
  resolved "https://registry.npm.taobao.org/estree-walker/download/estree-walker-2.0.2.tgz?cache=0&sync_timestamp=1607445447878&other_urls=https%3A%2F%2Fregistry.npm.taobao.org%2Festree-walker%2Fdownload%2Festree-walker-2.0.2.tgz#52f010178c2a4c117a7757cfe942adb7d2da4cac"
  integrity sha1-UvAQF4wqTBF6d1fP6UKtt9LaTKw=

lodash-es@^4.17.21:
  version "4.17.21"
  resolved "https://registry.npm.taobao.org/lodash-es/download/lodash-es-4.17.21.tgz#43e626c46e6591b7750beb2b50117390c609e3ee"
  integrity sha1-Q+YmxG5lkbd1C+srUBFzkMYJ4+4=

lodash@^4.17.19:
  version "4.17.21"
  resolved "https://registry.yarnpkg.com/lodash/-/lodash-4.17.21.tgz#679591c564c3bffaae8454cf0b3df370c3d6911c"
  integrity sha512-v2kDEe57lecTulaDIuNTPy3Ry4gLGJ6Z1O3vE1krgXZNrsQ+LFTGHVxVjcXPs17LhbZVGedAJv8XZ1tvj5FvSg==

source-map@^0.6.1:
  version "0.6.1"
  resolved "https://registry.npm.taobao.org/source-map/download/source-map-0.6.1.tgz#74722af32e9614e9c287a8d0bbde48b5e2f1a263"
  integrity sha1-dHIq8y6WFOnCh6jQu95IteLxomM=

to-fast-properties@^2.0.0:
  version "2.0.0"
  resolved "https://registry.npm.taobao.org/to-fast-properties/download/to-fast-properties-2.0.0.tgz#dc5e698cbd079265bc73e0377681a4e4e83f616e"
  integrity sha1-3F5pjL0HkmW8c+A3doGk5Og/YW4=

tslib@^2.1.0:
  version "2.1.0"
  resolved "https://registry.npm.taobao.org/tslib/download/tslib-2.1.0.tgz?cache=0&sync_timestamp=1609887438976&other_urls=https%3A%2F%2Fregistry.npm.taobao.org%2Ftslib%2Fdownload%2Ftslib-2.1.0.tgz#da60860f1c2ecaa5703ab7d39bc05b6bf988b97a"
  integrity sha1-2mCGDxwuyqVwOrfTm8Bba/mIuXo=

typescript@^4.2.3:
  version "4.2.3"
  resolved "https://registry.npm.taobao.org/typescript/download/typescript-4.2.3.tgz#39062d8019912d43726298f09493d598048c1ce3"
  integrity sha1-OQYtgBmRLUNyYpjwlJPVmASMHOM=

vue@^3.0.9:
  version "3.0.9"
  resolved "https://registry.npm.taobao.org/vue/download/vue-3.0.9.tgz?cache=0&sync_timestamp=1616859177211&other_urls=https%3A%2F%2Fregistry.npm.taobao.org%2Fvue%2Fdownload%2Fvue-3.0.9.tgz#c68ffc0e4aa2b0f1905124a9037b6e352de469ad"
  integrity sha1-xo/8DkqisPGQUSSpA3tuNS3kaa0=
  dependencies:
    "@vue/compiler-dom" "3.0.9"
    "@vue/runtime-dom" "3.0.9"
    "@vue/shared" "3.0.9"
